
Microsoft Visual Studio Solution File, Format Version 12.00
# Visual Studio Version 17
VisualStudioVersion = 17.0.32112.339
MinimumVisualStudioVersion = 10.0.40219.1
Project("{FAE04EC0-301F-11D3-BF4B-00C04F79EFBC}") = "DoorControlExercise", "DoorControlExercise\DoorControlExercise.csproj", "{AF2645F6-8D31-485B-9AA8-C3F3FE2B2522}"
EndProject
Project("{FAE04EC0-301F-11D3-BF4B-00C04F79EFBC}") = "TestDoorControl", "TestDoorControl\TestDoorControl.csproj", "{5C74D7A2-F3E6-4FAC-97ED-9D020E4BE776}"
EndProject
Global
	GlobalSection(SolutionConfigurationPlatforms) = preSolution
		Debug|Any CPU = Debug|Any CPU
		Release|Any CPU = Release|Any CPU
	EndGlobalSection
	GlobalSection(ProjectConfigurationPlatforms) = postSolution
		{AF2645F6-8D31-485B-9AA8-C3F3FE2B2522}.Debug|Any CPU.ActiveCfg = Debug|Any CPU
		{AF2645F6-8D31-485B-9AA8-C3F3FE2B2522}.Debug|Any CPU.Build.0 = Debug|Any CPU
		{AF2645F6-8D31-485B-9AA8-C3F3FE2B2522}.Release|Any CPU.ActiveCfg = Release|Any CPU
		{AF2645F6-8D31-485B-9AA8-C3F3FE2B2522}.Release|Any CPU.Build.0 = Release|Any CPU
		{5C74D7A2-F3E6-4FAC-97ED-9D020E4BE776}.Debug|Any CPU.ActiveCfg = Debug|Any CPU
		{5C74D7A2-F3E6-4FAC-97ED-9D020E4BE776}.Debug|Any CPU.Build.0 = Debug|Any CPU
		{5C74D7A2-F3E6-4FAC-97ED-9D020E4BE776}.Release|Any CPU.ActiveCfg = Release|Any CPU
		{5C74D7A2-F3E6-4FAC-97ED-9D020E4BE776}.Release|Any CPU.Build.0 = Release|Any CPU
	EndGlobalSection
	GlobalSection(SolutionProperties) = preSolution
		HideSolutionNode = FALSE
	EndGlobalSection
	GlobalSection(ExtensibilityGlobals) = postSolution
		SolutionGuid = {AD5AB069-5677-48E1-9488-B3FF6AFE0504}
	EndGlobalSection
EndGlobal
